
Microsoft Visual Studio Solution File, Format Version 12.00
# Visual Studio Version 16
VisualStudioVersion = 25.0.1703.8
MinimumVisualStudioVersion = 10.0.40219.1
Project("{FAE04EC0-301F-11D3-BF4B-00C04F79EFBC}") = "MoreBirdsPlease", "MoreBirdsPlease\MoreBirdsPlease.csproj", "{259E4387-0EC9-480C-AF1B-25568BF7477F}"
EndProject
Global
	GlobalSection(SolutionConfigurationPlatforms) = preSolution
		Debug|Any CPU = Debug|Any CPU
		Release|Any CPU = Release|Any CPU
	EndGlobalSection
	GlobalSection(ProjectConfigurationPlatforms) = postSolution
		{259E4387-0EC9-480C-AF1B-25568BF7477F}.Debug|Any CPU.ActiveCfg = Debug|Any CPU
		{259E4387-0EC9-480C-AF1B-25568BF7477F}.Debug|Any CPU.Build.0 = Debug|Any CPU
		{259E4387-0EC9-480C-AF1B-25568BF7477F}.Release|Any CPU.ActiveCfg = Release|Any CPU
		{259E4387-0EC9-480C-AF1B-25568BF7477F}.Release|Any CPU.Build.0 = Release|Any CPU
	EndGlobalSection
	GlobalSection(SolutionProperties) = preSolution
		HideSolutionNode = FALSE
	EndGlobalSection
	GlobalSection(ExtensibilityGlobals) = postSolution
		SolutionGuid = {8DBEFB9B-1E6D-487F-96B7-CF4FFDF9491D}
	EndGlobalSection
EndGlobal
